// !$*UTF8*$!
{
	archiveVersion = 1;
	classes = {
	};
	objectVersion = 50;
	objects = {

/* Begin PBXBuildFile section */
		21DA6E8E25B9B57B001004A3 /* AppDelegate.swift in Sources */ = {isa = PBXBuildFile; fileRef = 21DA6E8D25B9B57B001004A3 /* AppDelegate.swift */; };
		21DA6E9025B9B57B001004A3 /* SceneDelegate.swift in Sources */ = {isa = PBXBuildFile; fileRef = 21DA6E8F25B9B57B001004A3 /* SceneDelegate.swift */; };
		21DA6E9225B9B57B001004A3 /* ViewController.swift in Sources */ = {isa = PBXBuildFile; fileRef = 21DA6E9125B9B57B001004A3 /* ViewController.swift */; };
		21DA6E9525B9B57B001004A3 /* Main.storyboard in Resources */ = {isa = PBXBuildFile; fileRef = 21DA6E9325B9B57B001004A3 /* Main.storyboard */; };
		21DA6E9725B9B57F001004A3 /* Assets.xcassets in Resources */ = {isa = PBXBuildFile; fileRef = 21DA6E9625B9B57F001004A3 /* Assets.xcassets */; };
		21DA6E9A25B9B57F001004A3 /* LaunchScreen.storyboard in Resources */ = {isa = PBXBuildFile; fileRef = 21DA6E9825B9B57F001004A3 /* LaunchScreen.storyboard */; };
		21DA6EA525B9B580001004A3 /* CapitalCityTests.swift in Sources */ = {isa = PBXBuildFile; fileRef = 21DA6EA425B9B580001004A3 /* CapitalCityTests.swift */; };
		21DA6EB025B9B580001004A3 /* CapitalCityUITests.swift in Sources */ = {isa = PBXBuildFile; fileRef = 21DA6EAF25B9B580001004A3 /* CapitalCityUITests.swift */; };
/* End PBXBuildFile section */

/* Begin PBXContainerItemProxy section */
		21DA6EA125B9B580001004A3 /* PBXContainerItemProxy */ = {
			isa = PBXContainerItemProxy;
			containerPortal = 21DA6E8225B9B57B001004A3 /* Project object */;
			proxyType = 1;
			remoteGlobalIDString = 21DA6E8925B9B57B001004A3;
			remoteInfo = CapitalCity;
		};
		21DA6EAC25B9B580001004A3 /* PBXContainerItemProxy */ = {
			isa = PBXContainerItemProxy;
			containerPortal = 21DA6E8225B9B57B001004A3 /* Project object */;
			proxyType = 1;
			remoteGlobalIDString = 21DA6E8925B9B57B001004A3;
			remoteInfo = CapitalCity;
		};
/* End PBXContainerItemProxy section */

/* Begin PBXFileReference section */
		21DA6E8A25B9B57B001004A3 /* CapitalCity.app */ = {isa = PBXFileReference; explicitFileType = wrapper.application; includeInIndex = 0; path = CapitalCity.app; sourceTree = BUILT_PRODUCTS_DIR; };
		21DA6E8D25B9B57B001004A3 /* AppDelegate.swift */ = {isa = PBXFileReference; lastKnownFileType = sourcecode.swift; path = AppDelegate.swift; sourceTree = "<group>"; };
		21DA6E8F25B9B57B001004A3 /* SceneDelegate.swift */ = {isa = PBXFileReference; lastKnownFileType = sourcecode.swift; path = SceneDelegate.swift; sourceTree = "<group>"; };
		21DA6E9125B9B57B001004A3 /* ViewController.swift */ = {isa = PBXFileReference; lastKnownFileType = sourcecode.swift; path = ViewController.swift; sourceTree = "<group>"; };
		21DA6E9425B9B57B001004A3 /* Base */ = {isa = PBXFileReference; lastKnownFileType = file.storyboard; name = Base; path = Base.lproj/Main.storyboard; sourceTree = "<group>"; };
		21DA6E9625B9B57F001004A3 /* Assets.xcassets */ = {isa = PBXFileReference; lastKnownFileType = folder.assetcatalog; path = Assets.xcassets; sourceTree = "<group>"; };
		21DA6E9925B9B57F001004A3 /* Base */ = {isa = PBXFileReference; lastKnownFileType = file.storyboard; name = Base; path = Base.lproj/LaunchScreen.storyboard; sourceTree = "<group>"; };
		21DA6E9B25B9B57F001004A3 /* Info.plist */ = {isa = PBXFileReference; lastKnownFileType = text.plist.xml; path = Info.plist; sourceTree = "<group>"; };
		21DA6EA025B9B580001004A3 /* CapitalCityTests.xctest */ = {isa = PBXFileReference; explicitFileType = wrapper.cfbundle; includeInIndex = 0; path = CapitalCityTests.xctest; sourceTree = BUILT_PRODUCTS_DIR; };
		21DA6EA425B9B580001004A3 /* CapitalCityTests.swift */ = {isa = PBXFileReference; lastKnownFileType = sourcecode.swift; path = CapitalCityTests.swift; sourceTree = "<group>"; };
		21DA6EA625B9B580001004A3 /* Info.plist */ = {isa = PBXFileReference; lastKnownFileType = text.plist.xml; path = Info.plist; sourceTree = "<group>"; };
		21DA6EAB25B9B580001004A3 /* CapitalCityUITests.xctest */ = {isa = PBXFileReference; explicitFileType = wrapper.cfbundle; includeInIndex = 0; path = CapitalCityUITests.xctest; sourceTree = BUILT_PRODUCTS_DIR; };
		21DA6EAF25B9B580001004A3 /* CapitalCityUITests.swift */ = {isa = PBXFileReference; lastKnownFileType = sourcecode.swift; path = CapitalCityUITests.swift; sourceTree = "<group>"; };
		21DA6EB125B9B580001004A3 /* Info.plist */ = {isa = PBXFileReference; lastKnownFileType = text.plist.xml; path = Info.plist; sourceTree = "<group>"; };
/* End PBXFileReference section */

/* Begin PBXFrameworksBuildPhase section */
		21DA6E8725B9B57B001004A3 /* Frameworks */ = {
			isa = PBXFrameworksBuildPhase;
			buildActionMask = 2147483647;
			files = (
			);
			runOnlyForDeploymentPostprocessing = 0;
		};
		21DA6E9D25B9B580001004A3 /* Frameworks */ = {
			isa = PBXFrameworksBuildPhase;
			buildActionMask = 2147483647;
			files = (
			);
			runOnlyForDeploymentPostprocessing = 0;
		};
		21DA6EA825B9B580001004A3 /* Frameworks */ = {
			isa = PBXFrameworksBuildPhase;
			buildActionMask = 2147483647;
			files = (
			);
			runOnlyForDeploymentPostprocessing = 0;
		};
/* End PBXFrameworksBuildPhase section */

/* Begin PBXGroup section */
		21DA6E8125B9B57B001004A3 = {
			isa = PBXGroup;
			children = (
				21DA6E8C25B9B57B001004A3 /* CapitalCity */,
				21DA6EA325B9B580001004A3 /* CapitalCityTests */,
				21DA6EAE25B9B580001004A3 /* CapitalCityUITests */,
				21DA6E8B25B9B57B001004A3 /* Products */,
			);
			sourceTree = "<group>";
		};
		21DA6E8B25B9B57B001004A3 /* Products */ = {
			isa = PBXGroup;
			children = (
				21DA6E8A25B9B57B001004A3 /* CapitalCity.app */,
				21DA6EA025B9B580001004A3 /* CapitalCityTests.xctest */,
				21DA6EAB25B9B580001004A3 /* CapitalCityUITests.xctest */,
			);
			name = Products;
			sourceTree = "<group>";
		};
		21DA6E8C25B9B57B001004A3 /* CapitalCity */ = {
			isa = PBXGroup;
			children = (
				21DA6E8D25B9B57B001004A3 /* AppDelegate.swift */,
				21DA6E8F25B9B57B001004A3 /* SceneDelegate.swift */,
				21DA6E9125B9B57B001004A3 /* ViewController.swift */,
				21DA6E9325B9B57B001004A3 /* Main.storyboard */,
				21DA6E9625B9B57F001004A3 /* Assets.xcassets */,
				21DA6E9825B9B57F001004A3 /* LaunchScreen.storyboard */,
				21DA6E9B25B9B57F001004A3 /* Info.plist */,
			);
			path = CapitalCity;
			sourceTree = "<group>";
		};
		21DA6EA325B9B580001004A3 /* CapitalCityTests */ = {
			isa = PBXGroup;
			children = (
				21DA6EA425B9B580001004A3 /* CapitalCityTests.swift */,
				21DA6EA625B9B580001004A3 /* Info.plist */,
			);
			path = CapitalCityTests;
			sourceTree = "<group>";
		};
		21DA6EAE25B9B580001004A3 /* CapitalCityUITests */ = {
			isa = PBXGroup;
			children = (
				21DA6EAF25B9B580001004A3 /* CapitalCityUITests.swift */,
				21DA6EB125B9B580001004A3 /* Info.plist */,
			);
			path = CapitalCityUITests;
			sourceTree = "<group>";
		};
/* End PBXGroup section */

/* Begin PBXNativeTarget section */
		21DA6E8925B9B57B001004A3 /* CapitalCity */ = {
			isa = PBXNativeTarget;
			buildConfigurationList = 21DA6EB425B9B580001004A3 /* Build configuration list for PBXNativeTarget "CapitalCity" */;
			buildPhases = (
				21DA6E8625B9B57B001004A3 /* Sources */,
				21DA6E8725B9B57B001004A3 /* Frameworks */,
				21DA6E8825B9B57B001004A3 /* Resources */,
			);
			buildRules = (
			);
			dependencies = (
			);
			name = CapitalCity;
			productName = CapitalCity;
			productReference = 21DA6E8A25B9B57B001004A3 /* CapitalCity.app */;
			productType = "com.apple.product-type.application";
		};
		21DA6E9F25B9B580001004A3 /* CapitalCityTests */ = {
			isa = PBXNativeTarget;
			buildConfigurationList = 21DA6EB725B9B580001004A3 /* Build configuration list for PBXNativeTarget "CapitalCityTests" */;
			buildPhases = (
				21DA6E9C25B9B580001004A3 /* Sources */,
				21DA6E9D25B9B580001004A3 /* Frameworks */,
				21DA6E9E25B9B580001004A3 /* Resources */,
			);
			buildRules = (
			);
			dependencies = (
				21DA6EA225B9B580001004A3 /* PBXTargetDependency */,
			);
			name = CapitalCityTests;
			productName = CapitalCityTests;
			productReference = 21DA6EA025B9B580001004A3 /* CapitalCityTests.xctest */;
			productType = "com.apple.product-type.bundle.unit-test";
		};
		21DA6EAA25B9B580001004A3 /* CapitalCityUITests */ = {
			isa = PBXNativeTarget;
			buildConfigurationList = 21DA6EBA25B9B580001004A3 /* Build configuration list for PBXNativeTarget "CapitalCityUITests" */;
			buildPhases = (
				21DA6EA725B9B580001004A3 /* Sources */,
				21DA6EA825B9B580001004A3 /* Frameworks */,
				21DA6EA925B9B580001004A3 /* Resources */,
			);
			buildRules = (
			);
			dependencies = (
				21DA6EAD25B9B580001004A3 /* PBXTargetDependency */,
			);
			name = CapitalCityUITests;
			productName = CapitalCityUITests;
			productReference = 21DA6EAB25B9B580001004A3 /* CapitalCityUITests.xctest */;
			productType = "com.apple.product-type.bundle.ui-testing";
		};
/* End PBXNativeTarget section */

/* Begin PBXProject section */
		21DA6E8225B9B57B001004A3 /* Project object */ = {
			isa = PBXProject;
			attributes = {
				LastSwiftUpdateCheck = 1230;
				LastUpgradeCheck = 1230;
				TargetAttributes = {
					21DA6E8925B9B57B001004A3 = {
						CreatedOnToolsVersion = 12.3;
					};
					21DA6E9F25B9B580001004A3 = {
						CreatedOnToolsVersion = 12.3;
						TestTargetID = 21DA6E8925B9B57B001004A3;
					};
					21DA6EAA25B9B580001004A3 = {
						CreatedOnToolsVersion = 12.3;
						TestTargetID = 21DA6E8925B9B57B001004A3;
					};
				};
			};
			buildConfigurationList = 21DA6E8525B9B57B001004A3 /* Build configuration list for PBXProject "CapitalCity" */;
			compatibilityVersion = "Xcode 9.3";
			developmentRegion = en;
			hasScannedForEncodings = 0;
			knownRegions = (
				en,
				Base,
			);
			mainGroup = 21DA6E8125B9B57B001004A3;
			productRefGroup = 21DA6E8B25B9B57B001004A3 /* Products */;
			projectDirPath = "";
			projectRoot = "";
			targets = (
				21DA6E8925B9B57B001004A3 /* CapitalCity */,
				21DA6E9F25B9B580001004A3 /* CapitalCityTests */,
				21DA6EAA25B9B580001004A3 /* CapitalCityUITests */,
			);
		};
/* End PBXProject section */

/* Begin PBXResourcesBuildPhase section */
		21DA6E8825B9B57B001004A3 /* Resources */ = {
			isa = PBXResourcesBuildPhase;
			buildActionMask = 2147483647;
			files = (
				21DA6E9A25B9B57F001004A3 /* LaunchScreen.storyboard in Resources */,
				21DA6E9725B9B57F001004A3 /* Assets.xcassets in Resources */,
				21DA6E9525B9B57B001004A3 /* Main.storyboard in Resources */,
			);
			runOnlyForDeploymentPostprocessing = 0;
		};
		21DA6E9E25B9B580001004A3 /* Resources */ = {
			isa = PBXResourcesBuildPhase;
			buildActionMask = 2147483647;
			files = (
			);
			runOnlyForDeploymentPostprocessing = 0;
		};
		21DA6EA925B9B580001004A3 /* Resources */ = {
			isa = PBXResourcesBuildPhase;
			buildActionMask = 2147483647;
			files = (
			);
			runOnlyForDeploymentPostprocessing = 0;
		};
/* End PBXResourcesBuildPhase section */

/* Begin PBXSourcesBuildPhase section */
		21DA6E8625B9B57B001004A3 /* Sources */ = {
			isa = PBXSourcesBuildPhase;
			buildActionMask = 2147483647;
			files = (
				21DA6E9225B9B57B001004A3 /* ViewController.swift in Sources */,
				21DA6E8E25B9B57B001004A3 /* AppDelegate.swift in Sources */,
				21DA6E9025B9B57B001004A3 /* SceneDelegate.swift in Sources */,
			);
			runOnlyForDeploymentPostprocessing = 0;
		};
		21DA6E9C25B9B580001004A3 /* Sources */ = {
			isa = PBXSourcesBuildPhase;
			buildActionMask = 2147483647;
			files = (
				21DA6EA525B9B580001004A3 /* CapitalCityTests.swift in Sources */,
			);
			runOnlyForDeploymentPostprocessing = 0;
		};
		21DA6EA725B9B580001004A3 /* Sources */ = {
			isa = PBXSourcesBuildPhase;
			buildActionMask = 2147483647;
			files = (
				21DA6EB025B9B580001004A3 /* CapitalCityUITests.swift in Sources */,
			);
			runOnlyForDeploymentPostprocessing = 0;
		};
/* End PBXSourcesBuildPhase section */

/* Begin PBXTargetDependency section */
		21DA6EA225B9B580001004A3 /* PBXTargetDependency */ = {
			isa = PBXTargetDependency;
			target = 21DA6E8925B9B57B001004A3 /* CapitalCity */;
			targetProxy = 21DA6EA125B9B580001004A3 /* PBXContainerItemProxy */;
		};
		21DA6EAD25B9B580001004A3 /* PBXTargetDependency */ = {
			isa = PBXTargetDependency;
			target = 21DA6E8925B9B57B001004A3 /* CapitalCity */;
			targetProxy = 21DA6EAC25B9B580001004A3 /* PBXContainerItemProxy */;
		};
/* End PBXTargetDependency section */

/* Begin PBXVariantGroup section */
		21DA6E9325B9B57B001004A3 /* Main.storyboard */ = {
			isa = PBXVariantGroup;
			children = (
				21DA6E9425B9B57B001004A3 /* Base */,
			);
			name = Main.storyboard;
			sourceTree = "<group>";
		};
		21DA6E9825B9B57F001004A3 /* LaunchScreen.storyboard */ = {
			isa = PBXVariantGroup;
			children = (
				21DA6E9925B9B57F001004A3 /* Base */,
			);
			name = LaunchScreen.storyboard;
			sourceTree = "<group>";
		};
/* End PBXVariantGroup section */

/* Begin XCBuildConfiguration section */
		21DA6EB225B9B580001004A3 /* Debug */ = {
			isa = XCBuildConfiguration;
			buildSettings = {
				ALWAYS_SEARCH_USER_PATHS = NO;
				CLANG_ANALYZER_NONNULL = YES;
				CLANG_ANALYZER_NUMBER_OBJECT_CONVERSION = YES_AGGRESSIVE;
				CLANG_CXX_LANGUAGE_STANDARD = "gnu++14";
				CLANG_CXX_LIBRARY = "libc++";
				CLANG_ENABLE_MODULES = YES;
				CLANG_ENABLE_OBJC_ARC = YES;
				CLANG_ENABLE_OBJC_WEAK = YES;
				CLANG_WARN_BLOCK_CAPTURE_AUTORELEASING = YES;
				CLANG_WARN_BOOL_CONVERSION = YES;
				CLANG_WARN_COMMA = YES;
				CLANG_WARN_CONSTANT_CONVERSION = YES;
				CLANG_WARN_DEPRECATED_OBJC_IMPLEMENTATIONS = YES;
				CLANG_WARN_DIRECT_OBJC_ISA_USAGE = YES_ERROR;
				CLANG_WARN_DOCUMENTATION_COMMENTS = YES;
				CLANG_WARN_EMPTY_BODY = YES;
				CLANG_WARN_ENUM_CONVERSION = YES;
				CLANG_WARN_INFINITE_RECURSION = YES;
				CLANG_WARN_INT_CONVERSION = YES;
				CLANG_WARN_NON_LITERAL_NULL_CONVERSION = YES;
				CLANG_WARN_OBJC_IMPLICIT_RETAIN_SELF = YES;
				CLANG_WARN_OBJC_LITERAL_CONVERSION = YES;
				CLANG_WARN_OBJC_ROOT_CLASS = YES_ERROR;
				CLANG_WARN_QUOTED_INCLUDE_IN_FRAMEWORK_HEADER = YES;
				CLANG_WARN_RANGE_LOOP_ANALYSIS = YES;
				CLANG_WARN_STRICT_PROTOTYPES = YES;
				CLANG_WARN_SUSPICIOUS_MOVE = YES;
				CLANG_WARN_UNGUARDED_AVAILABILITY = YES_AGGRESSIVE;
				CLANG_WARN_UNREACHABLE_CODE = YES;
				CLANG_WARN__DUPLICATE_METHOD_MATCH = YES;
				COPY_PHASE_STRIP = NO;
				DEBUG_INFORMATION_FORMAT = dwarf;
				ENABLE_STRICT_OBJC_MSGSEND = YES;
				ENABLE_TESTABILITY = YES;
				GCC_C_LANGUAGE_STANDARD = gnu11;
				GCC_DYNAMIC_NO_PIC = NO;
				GCC_NO_COMMON_BLOCKS = YES;
				GCC_OPTIMIZATION_LEVEL = 0;
				GCC_PREPROCESSOR_DEFINITIONS = (
					"DEBUG=1",
					"$(inherited)",
				);
				GCC_WARN_64_TO_32_BIT_CONVERSION = YES;
				GCC_WARN_ABOUT_RETURN_TYPE = YES_ERROR;
				GCC_WARN_UNDECLARED_SELECTOR = YES;
				GCC_WARN_UNINITIALIZED_AUTOS = YES_AGGRESSIVE;
				GCC_WARN_UNUSED_FUNCTION = YES;
				GCC_WARN_UNUSED_VARIABLE = YES;
				IPHONEOS_DEPLOYMENT_TARGET = 14.3;
				MTL_ENABLE_DEBUG_INFO = INCLUDE_SOURCE;
				MTL_FAST_MATH = YES;
				ONLY_ACTIVE_ARCH = YES;
				SDKROOT = iphoneos;
				SWIFT_ACTIVE_COMPILATION_CONDITIONS = DEBUG;
				SWIFT_OPTIMIZATION_LEVEL = "-Onone";
			};
			name = Debug;
		};
		21DA6EB325B9B580001004A3 /* Release */ = {
			isa = XCBuildConfiguration;
			buildSettings = {
				ALWAYS_SEARCH_USER_PATHS = NO;
				CLANG_ANALYZER_NONNULL = YES;
				CLANG_ANALYZER_NUMBER_OBJECT_CONVERSION = YES_AGGRESSIVE;
				CLANG_CXX_LANGUAGE_STANDARD = "gnu++14";
				CLANG_CXX_LIBRARY = "libc++";
				CLANG_ENABLE_MODULES = YES;
				CLANG_ENABLE_OBJC_ARC = YES;
				CLANG_ENABLE_OBJC_WEAK = YES;
				CLANG_WARN_BLOCK_CAPTURE_AUTORELEASING = YES;
				CLANG_WARN_BOOL_CONVERSION = YES;
				CLANG_WARN_COMMA = YES;
				CLANG_WARN_CONSTANT_CONVERSION = YES;
				CLANG_WARN_DEPRECATED_OBJC_IMPLEMENTATIONS = YES;
				CLANG_WARN_DIRECT_OBJC_ISA_USAGE = YES_ERROR;
				CLANG_WARN_DOCUMENTATION_COMMENTS = YES;
				CLANG_WARN_EMPTY_BODY = YES;
				CLANG_WARN_ENUM_CONVERSION = YES;
				CLANG_WARN_INFINITE_RECURSION = YES;
				CLANG_WARN_INT_CONVERSION = YES;
				CLANG_WARN_NON_LITERAL_NULL_CONVERSION = YES;
				CLANG_WARN_OBJC_IMPLICIT_RETAIN_SELF = YES;
				CLANG_WARN_OBJC_LITERAL_CONVERSION = YES;
				CLANG_WARN_OBJC_ROOT_CLASS = YES_ERROR;
				CLANG_WARN_QUOTED_INCLUDE_IN_FRAMEWORK_HEADER = YES;
				CLANG_WARN_RANGE_LOOP_ANALYSIS = YES;
				CLANG_WARN_STRICT_PROTOTYPES = YES;
				CLANG_WARN_SUSPICIOUS_MOVE = YES;
				CLANG_WARN_UNGUARDED_AVAILABILITY = YES_AGGRESSIVE;
				CLANG_WARN_UNREACHABLE_CODE = YES;
				CLANG_WARN__DUPLICATE_METHOD_MATCH = YES;
				COPY_PHASE_STRIP = NO;
				DEBUG_INFORMATION_FORMAT = "dwarf-with-dsym";
				ENABLE_NS_ASSERTIONS = NO;
				ENABLE_STRICT_OBJC_MSGSEND = YES;
				GCC_C_LANGUAGE_STANDARD = gnu11;
				GCC_NO_COMMON_BLOCKS = YES;
				GCC_WARN_64_TO_32_BIT_CONVERSION = YES;
				GCC_WARN_ABOUT_RETURN_TYPE = YES_ERROR;
				GCC_WARN_UNDECLARED_SELECTOR = YES;
				GCC_WARN_UNINITIALIZED_AUTOS = YES_AGGRESSIVE;
				GCC_WARN_UNUSED_FUNCTION = YES;
				GCC_WARN_UNUSED_VARIABLE = YES;
				IPHONEOS_DEPLOYMENT_TARGET = 14.3;
				MTL_ENABLE_DEBUG_INFO = NO;
				MTL_FAST_MATH = YES;
				SDKROOT = iphoneos;
				SWIFT_COMPILATION_MODE = wholemodule;
				SWIFT_OPTIMIZATION_LEVEL = "-O";
				VALIDATE_PRODUCT = YES;
			};
			name = Release;
		};
		21DA6EB525B9B580001004A3 /* Debug */ = {
			isa = XCBuildConfiguration;
			buildSettings = {
				ASSETCATALOG_COMPILER_APPICON_NAME = AppIcon;
				ASSETCATALOG_COMPILER_GLOBAL_ACCENT_COLOR_NAME = AccentColor;
				CODE_SIGN_STYLE = Automatic;
				DEVELOPMENT_TEAM = 4RSQQ96426;
				INFOPLIST_FILE = CapitalCity/Info.plist;
				LD_RUNPATH_SEARCH_PATHS = (
					"$(inherited)",
					"@executable_path/Frameworks",
				);
				PRODUCT_BUNDLE_IDENTIFIER = com.yelizkececi.CapitalCity;
				PRODUCT_NAME = "$(TARGET_NAME)";
				SWIFT_VERSION = 5.0;
				TARGETED_DEVICE_FAMILY = "1,2";
			};
			name = Debug;
		};
		21DA6EB625B9B580001004A3 /* Release */ = {
			isa = XCBuildConfiguration;
			buildSettings = {
				ASSETCATALOG_COMPILER_APPICON_NAME = AppIcon;
				ASSETCATALOG_COMPILER_GLOBAL_ACCENT_COLOR_NAME = AccentColor;
				CODE_SIGN_STYLE = Automatic;
				DEVELOPMENT_TEAM = 4RSQQ96426;
				INFOPLIST_FILE = CapitalCity/Info.plist;
				LD_RUNPATH_SEARCH_PATHS = (
					"$(inherited)",
					"@executable_path/Frameworks",
				);
				PRODUCT_BUNDLE_IDENTIFIER = com.yelizkececi.CapitalCity;
				PRODUCT_NAME = "$(TARGET_NAME)";
				SWIFT_VERSION = 5.0;
				TARGETED_DEVICE_FAMILY = "1,2";
			};
			name = Release;
		};
		21DA6EB825B9B580001004A3 /* Debug */ = {
			isa = XCBuildConfiguration;
			buildSettings = {
				ALWAYS_EMBED_SWIFT_STANDARD_LIBRARIES = YES;
				BUNDLE_LOADER = "$(TEST_HOST)";
				CODE_SIGN_STYLE = Automatic;
				DEVELOPMENT_TEAM = 4RSQQ96426;
				INFOPLIST_FILE = CapitalCityTests/Info.plist;
				IPHONEOS_DEPLOYMENT_TARGET = 14.3;
				LD_RUNPATH_SEARCH_PATHS = (
					"$(inherited)",
					"@executable_path/Frameworks",
					"@loader_path/Frameworks",
				);
				PRODUCT_BUNDLE_IDENTIFIER = com.yelizkececi.CapitalCityTests;
				PRODUCT_NAME = "$(TARGET_NAME)";
				SWIFT_VERSION = 5.0;
				TARGETED_DEVICE_FAMILY = "1,2";
				TEST_HOST = "$(BUILT_PRODUCTS_DIR)/CapitalCity.app/CapitalCity";
			};
			name = Debug;
		};
		21DA6EB925B9B580001004A3 /* Release */ = {
			isa = XCBuildConfiguration;
			buildSettings = {
				ALWAYS_EMBED_SWIFT_STANDARD_LIBRARIES = YES;
				BUNDLE_LOADER = "$(TEST_HOST)";
				CODE_SIGN_STYLE = Automatic;
				DEVELOPMENT_TEAM = 4RSQQ96426;
				INFOPLIST_FILE = CapitalCityTests/Info.plist;
				IPHONEOS_DEPLOYMENT_TARGET = 14.3;
				LD_RUNPATH_SEARCH_PATHS = (
					"$(inherited)",
					"@executable_path/Frameworks",
					"@loader_path/Frameworks",
				);
				PRODUCT_BUNDLE_IDENTIFIER = com.yelizkececi.CapitalCityTests;
				PRODUCT_NAME = "$(TARGET_NAME)";
				SWIFT_VERSION = 5.0;
				TARGETED_DEVICE_FAMILY = "1,2";
				TEST_HOST = "$(BUILT_PRODUCTS_DIR)/CapitalCity.app/CapitalCity";
			};
			name = Release;
		};
		21DA6EBB25B9B580001004A3 /* Debug */ = {
			isa = XCBuildConfiguration;
			buildSettings = {
				ALWAYS_EMBED_SWIFT_STANDARD_LIBRARIES = YES;
				CODE_SIGN_STYLE = Automatic;
				DEVELOPMENT_TEAM = 4RSQQ96426;
				INFOPLIST_FILE = CapitalCityUITests/Info.plist;
				LD_RUNPATH_SEARCH_PATHS = (
					"$(inherited)",
					"@executable_path/Frameworks",
					"@loader_path/Frameworks",
				);
				PRODUCT_BUNDLE_IDENTIFIER = com.yelizkececi.CapitalCityUITests;
				PRODUCT_NAME = "$(TARGET_NAME)";
				SWIFT_VERSION = 5.0;
				TARGETED_DEVICE_FAMILY = "1,2";
				TEST_TARGET_NAME = CapitalCity;
			};
			name = Debug;
		};
		21DA6EBC25B9B580001004A3 /* Release */ = {
			isa = XCBuildConfiguration;
			buildSettings = {
				ALWAYS_EMBED_SWIFT_STANDARD_LIBRARIES = YES;
				CODE_SIGN_STYLE = Automatic;
				DEVELOPMENT_TEAM = 4RSQQ96426;
				INFOPLIST_FILE = CapitalCityUITests/Info.plist;
				LD_RUNPATH_SEARCH_PATHS = (
					"$(inherited)",
					"@executable_path/Frameworks",
					"@loader_path/Frameworks",
				);
				PRODUCT_BUNDLE_IDENTIFIER = com.yelizkececi.CapitalCityUITests;
				PRODUCT_NAME = "$(TARGET_NAME)";
				SWIFT_VERSION = 5.0;
				TARGETED_DEVICE_FAMILY = "1,2";
				TEST_TARGET_NAME = CapitalCity;
			};
			name = Release;
		};
/* End XCBuildConfiguration section */

/* Begin XCConfigurationList section */
		21DA6E8525B9B57B001004A3 /* Build configuration list for PBXProject "CapitalCity" */ = {
			isa = XCConfigurationList;
			buildConfigurations = (
				21DA6EB225B9B580001004A3 /* Debug */,
				21DA6EB325B9B580001004A3 /* Release */,
			);
			defaultConfigurationIsVisible = 0;
			defaultConfigurationName = Release;
		};
		21DA6EB425B9B580001004A3 /* Build configuration list for PBXNativeTarget "CapitalCity" */ = {
			isa = XCConfigurationList;
			buildConfigurations = (
				21DA6EB525B9B580001004A3 /* Debug */,
				21DA6EB625B9B580001004A3 /* Release */,
			);
			defaultConfigurationIsVisible = 0;
			defaultConfigurationName = Release;
		};
		21DA6EB725B9B580001004A3 /* Build configuration list for PBXNativeTarget "CapitalCityTests" */ = {
			isa = XCConfigurationList;
			buildConfigurations = (
				21DA6EB825B9B580001004A3 /* Debug */,
				21DA6EB925B9B580001004A3 /* Release */,
			);
			defaultConfigurationIsVisible = 0;
			defaultConfigurationName = Release;
		};
		21DA6EBA25B9B580001004A3 /* Build configuration list for PBXNativeTarget "CapitalCityUITests" */ = {
			isa = XCConfigurationList;
			buildConfigurations = (
				21DA6EBB25B9B580001004A3 /* Debug */,
				21DA6EBC25B9B580001004A3 /* Release */,
			);
			defaultConfigurationIsVisible = 0;
			defaultConfigurationName = Release;
		};
/* End XCConfigurationList section */
	};
	rootObject = 21DA6E8225B9B57B001004A3 /* Project object */;
}
